
Microsoft Visual Studio Solution File, Format Version 12.00
# Visual Studio 14
VisualStudioVersion = 14.0.25420.1
MinimumVisualStudioVersion = 10.0.40219.1
Project("{FAE04EC0-301F-11D3-BF4B-00C04F79EFBC}") = "DAL", "DAL\DAL.csproj", "{DAC73752-393A-4F18-8D19-8C88FAD2E73D}"
EndProject
Project("{FAE04EC0-301F-11D3-BF4B-00C04F79EFBC}") = "BLL", "BLL\BLL.csproj", "{02784028-9D7B-48C3-BDC3-2026E9339C77}"
EndProject
Project("{FAE04EC0-301F-11D3-BF4B-00C04F79EFBC}") = "ZOOMINERVA6", "ZOOMINERVA6\ZOOMINERVA6.csproj", "{14AFCA7F-3387-48E1-80F1-8D5AE37CAB7A}"
EndProject
Global
	GlobalSection(SolutionConfigurationPlatforms) = preSolution
		Debug|Any CPU = Debug|Any CPU
		Release|Any CPU = Release|Any CPU
	EndGlobalSection
	GlobalSection(ProjectConfigurationPlatforms) = postSolution
		{DAC73752-393A-4F18-8D19-8C88FAD2E73D}.Debug|Any CPU.ActiveCfg = Debug|Any CPU
		{DAC73752-393A-4F18-8D19-8C88FAD2E73D}.Debug|Any CPU.Build.0 = Debug|Any CPU
		{DAC73752-393A-4F18-8D19-8C88FAD2E73D}.Release|Any CPU.ActiveCfg = Release|Any CPU
		{DAC73752-393A-4F18-8D19-8C88FAD2E73D}.Release|Any CPU.Build.0 = Release|Any CPU
		{02784028-9D7B-48C3-BDC3-2026E9339C77}.Debug|Any CPU.ActiveCfg = Debug|Any CPU
		{02784028-9D7B-48C3-BDC3-2026E9339C77}.Debug|Any CPU.Build.0 = Debug|Any CPU
		{02784028-9D7B-48C3-BDC3-2026E9339C77}.Release|Any CPU.ActiveCfg = Release|Any CPU
		{02784028-9D7B-48C3-BDC3-2026E9339C77}.Release|Any CPU.Build.0 = Release|Any CPU
		{14AFCA7F-3387-48E1-80F1-8D5AE37CAB7A}.Debug|Any CPU.ActiveCfg = Debug|Any CPU
		{14AFCA7F-3387-48E1-80F1-8D5AE37CAB7A}.Debug|Any CPU.Build.0 = Debug|Any CPU
		{14AFCA7F-3387-48E1-80F1-8D5AE37CAB7A}.Release|Any CPU.ActiveCfg = Release|Any CPU
		{14AFCA7F-3387-48E1-80F1-8D5AE37CAB7A}.Release|Any CPU.Build.0 = Release|Any CPU
	EndGlobalSection
	GlobalSection(SolutionProperties) = preSolution
		HideSolutionNode = FALSE
	EndGlobalSection
EndGlobal
